// !$*UTF8*$!
{
	archiveVersion = 1;
	classes = {
	};
	objectVersion = 50;
	objects = {

/* Begin PBXBuildFile section */
		1772479E2274281600888535 /* AppDelegate.swift in Sources */ = {isa = PBXBuildFile; fileRef = 1772479D2274281600888535 /* AppDelegate.swift */; };
		177247A02274281600888535 /* ViewController.swift in Sources */ = {isa = PBXBuildFile; fileRef = 1772479F2274281600888535 /* ViewController.swift */; };
		177247A32274281600888535 /* Main.storyboard in Resources */ = {isa = PBXBuildFile; fileRef = 177247A12274281600888535 /* Main.storyboard */; };
		177247A62274281600888535 /* Yafix.xcdatamodeld in Sources */ = {isa = PBXBuildFile; fileRef = 177247A42274281600888535 /* Yafix.xcdatamodeld */; };
		177247A82274281700888535 /* Assets.xcassets in Resources */ = {isa = PBXBuildFile; fileRef = 177247A72274281700888535 /* Assets.xcassets */; };
		177247AB2274281700888535 /* LaunchScreen.storyboard in Resources */ = {isa = PBXBuildFile; fileRef = 177247A92274281700888535 /* LaunchScreen.storyboard */; };
		177247B62274281700888535 /* YafixTests.swift in Sources */ = {isa = PBXBuildFile; fileRef = 177247B52274281700888535 /* YafixTests.swift */; };
/* End PBXBuildFile section */

/* Begin PBXContainerItemProxy section */
		177247B22274281700888535 /* PBXContainerItemProxy */ = {
			isa = PBXContainerItemProxy;
			containerPortal = 177247922274281600888535 /* Project object */;
			proxyType = 1;
			remoteGlobalIDString = 177247992274281600888535;
			remoteInfo = Yafix;
		};
/* End PBXContainerItemProxy section */

/* Begin PBXFileReference section */
		1772479A2274281600888535 /* Yafix.app */ = {isa = PBXFileReference; explicitFileType = wrapper.application; includeInIndex = 0; path = Yafix.app; sourceTree = BUILT_PRODUCTS_DIR; };
		1772479D2274281600888535 /* AppDelegate.swift */ = {isa = PBXFileReference; lastKnownFileType = sourcecode.swift; path = AppDelegate.swift; sourceTree = "<group>"; };
		1772479F2274281600888535 /* ViewController.swift */ = {isa = PBXFileReference; lastKnownFileType = sourcecode.swift; path = ViewController.swift; sourceTree = "<group>"; };
		177247A22274281600888535 /* Base */ = {isa = PBXFileReference; lastKnownFileType = file.storyboard; name = Base; path = Base.lproj/Main.storyboard; sourceTree = "<group>"; };
		177247A52274281600888535 /* Yafix.xcdatamodel */ = {isa = PBXFileReference; lastKnownFileType = wrapper.xcdatamodel; path = Yafix.xcdatamodel; sourceTree = "<group>"; };
		177247A72274281700888535 /* Assets.xcassets */ = {isa = PBXFileReference; lastKnownFileType = folder.assetcatalog; path = Assets.xcassets; sourceTree = "<group>"; };
		177247AA2274281700888535 /* Base */ = {isa = PBXFileReference; lastKnownFileType = file.storyboard; name = Base; path = Base.lproj/LaunchScreen.storyboard; sourceTree = "<group>"; };
		177247AC2274281700888535 /* Info.plist */ = {isa = PBXFileReference; lastKnownFileType = text.plist.xml; path = Info.plist; sourceTree = "<group>"; };
		177247B12274281700888535 /* YafixTests.xctest */ = {isa = PBXFileReference; explicitFileType = wrapper.cfbundle; includeInIndex = 0; path = YafixTests.xctest; sourceTree = BUILT_PRODUCTS_DIR; };
		177247B52274281700888535 /* YafixTests.swift */ = {isa = PBXFileReference; lastKnownFileType = sourcecode.swift; path = YafixTests.swift; sourceTree = "<group>"; };
		177247B72274281700888535 /* Info.plist */ = {isa = PBXFileReference; lastKnownFileType = text.plist.xml; path = Info.plist; sourceTree = "<group>"; };
/* End PBXFileReference section */

/* Begin PBXFrameworksBuildPhase section */
		177247972274281600888535 /* Frameworks */ = {
			isa = PBXFrameworksBuildPhase;
			buildActionMask = 2147483647;
			files = (
			);
			runOnlyForDeploymentPostprocessing = 0;
		};
		177247AE2274281700888535 /* Frameworks */ = {
			isa = PBXFrameworksBuildPhase;
			buildActionMask = 2147483647;
			files = (
			);
			runOnlyForDeploymentPostprocessing = 0;
		};
/* End PBXFrameworksBuildPhase section */

/* Begin PBXGroup section */
		177247912274281600888535 = {
			isa = PBXGroup;
			children = (
				1772479C2274281600888535 /* Yafix */,
				177247B42274281700888535 /* YafixTests */,
				1772479B2274281600888535 /* Products */,
			);
			sourceTree = "<group>";
		};
		1772479B2274281600888535 /* Products */ = {
			isa = PBXGroup;
			children = (
				1772479A2274281600888535 /* Yafix.app */,
				177247B12274281700888535 /* YafixTests.xctest */,
			);
			name = Products;
			sourceTree = "<group>";
		};
		1772479C2274281600888535 /* Yafix */ = {
			isa = PBXGroup;
			children = (
				1772479D2274281600888535 /* AppDelegate.swift */,
				1772479F2274281600888535 /* ViewController.swift */,
				177247A12274281600888535 /* Main.storyboard */,
				177247A72274281700888535 /* Assets.xcassets */,
				177247A92274281700888535 /* LaunchScreen.storyboard */,
				177247AC2274281700888535 /* Info.plist */,
				177247A42274281600888535 /* Yafix.xcdatamodeld */,
			);
			path = Yafix;
			sourceTree = "<group>";
		};
		177247B42274281700888535 /* YafixTests */ = {
			isa = PBXGroup;
			children = (
				177247B52274281700888535 /* YafixTests.swift */,
				177247B72274281700888535 /* Info.plist */,
			);
			path = YafixTests;
			sourceTree = "<group>";
		};
/* End PBXGroup section */

/* Begin PBXNativeTarget section */
		177247992274281600888535 /* Yafix */ = {
			isa = PBXNativeTarget;
			buildConfigurationList = 177247BA2274281700888535 /* Build configuration list for PBXNativeTarget "Yafix" */;
			buildPhases = (
				177247962274281600888535 /* Sources */,
				177247972274281600888535 /* Frameworks */,
				177247982274281600888535 /* Resources */,
			);
			buildRules = (
			);
			dependencies = (
			);
			name = Yafix;
			productName = Yafix;
			productReference = 1772479A2274281600888535 /* Yafix.app */;
			productType = "com.apple.product-type.application";
		};
		177247B02274281700888535 /* YafixTests */ = {
			isa = PBXNativeTarget;
			buildConfigurationList = 177247BD2274281700888535 /* Build configuration list for PBXNativeTarget "YafixTests" */;
			buildPhases = (
				177247AD2274281700888535 /* Sources */,
				177247AE2274281700888535 /* Frameworks */,
				177247AF2274281700888535 /* Resources */,
			);
			buildRules = (
			);
			dependencies = (
				177247B32274281700888535 /* PBXTargetDependency */,
			);
			name = YafixTests;
			productName = YafixTests;
			productReference = 177247B12274281700888535 /* YafixTests.xctest */;
			productType = "com.apple.product-type.bundle.unit-test";
		};
/* End PBXNativeTarget section */

/* Begin PBXProject section */
		177247922274281600888535 /* Project object */ = {
			isa = PBXProject;
			attributes = {
				LastSwiftUpdateCheck = 1020;
				LastUpgradeCheck = 1020;
				ORGANIZATIONNAME = "Артём Зайцев";
				TargetAttributes = {
					177247992274281600888535 = {
						CreatedOnToolsVersion = 10.2;
					};
					177247B02274281700888535 = {
						CreatedOnToolsVersion = 10.2;
						TestTargetID = 177247992274281600888535;
					};
				};
			};
			buildConfigurationList = 177247952274281600888535 /* Build configuration list for PBXProject "Yafix" */;
			compatibilityVersion = "Xcode 9.3";
			developmentRegion = en;
			hasScannedForEncodings = 0;
			knownRegions = (
				en,
				Base,
			);
			mainGroup = 177247912274281600888535;
			productRefGroup = 1772479B2274281600888535 /* Products */;
			projectDirPath = "";
			projectRoot = "";
			targets = (
				177247992274281600888535 /* Yafix */,
				177247B02274281700888535 /* YafixTests */,
			);
		};
/* End PBXProject section */

/* Begin PBXResourcesBuildPhase section */
		177247982274281600888535 /* Resources */ = {
			isa = PBXResourcesBuildPhase;
			buildActionMask = 2147483647;
			files = (
				177247AB2274281700888535 /* LaunchScreen.storyboard in Resources */,
				177247A82274281700888535 /* Assets.xcassets in Resources */,
				177247A32274281600888535 /* Main.storyboard in Resources */,
			);
			runOnlyForDeploymentPostprocessing = 0;
		};
		177247AF2274281700888535 /* Resources */ = {
			isa = PBXResourcesBuildPhase;
			buildActionMask = 2147483647;
			files = (
			);
			runOnlyForDeploymentPostprocessing = 0;
		};
/* End PBXResourcesBuildPhase section */

/* Begin PBXSourcesBuildPhase section */
		177247962274281600888535 /* Sources */ = {
			isa = PBXSourcesBuildPhase;
			buildActionMask = 2147483647;
			files = (
				177247A02274281600888535 /* ViewController.swift in Sources */,
				177247A62274281600888535 /* Yafix.xcdatamodeld in Sources */,
				1772479E2274281600888535 /* AppDelegate.swift in Sources */,
			);
			runOnlyForDeploymentPostprocessing = 0;
		};
		177247AD2274281700888535 /* Sources */ = {
			isa = PBXSourcesBuildPhase;
			buildActionMask = 2147483647;
			files = (
				177247B62274281700888535 /* YafixTests.swift in Sources */,
			);
			runOnlyForDeploymentPostprocessing = 0;
		};
/* End PBXSourcesBuildPhase section */

/* Begin PBXTargetDependency section */
		177247B32274281700888535 /* PBXTargetDependency */ = {
			isa = PBXTargetDependency;
			target = 177247992274281600888535 /* Yafix */;
			targetProxy = 177247B22274281700888535 /* PBXContainerItemProxy */;
		};
/* End PBXTargetDependency section */

/* Begin PBXVariantGroup section */
		177247A12274281600888535 /* Main.storyboard */ = {
			isa = PBXVariantGroup;
			children = (
				177247A22274281600888535 /* Base */,
			);
			name = Main.storyboard;
			sourceTree = "<group>";
		};
		177247A92274281700888535 /* LaunchScreen.storyboard */ = {
			isa = PBXVariantGroup;
			children = (
				177247AA2274281700888535 /* Base */,
			);
			name = LaunchScreen.storyboard;
			sourceTree = "<group>";
		};
/* End PBXVariantGroup section */

/* Begin XCBuildConfiguration section */
		177247B82274281700888535 /* Debug */ = {
			isa = XCBuildConfiguration;
			buildSettings = {
				ALWAYS_SEARCH_USER_PATHS = NO;
				CLANG_ANALYZER_NONNULL = YES;
				CLANG_ANALYZER_NUMBER_OBJECT_CONVERSION = YES_AGGRESSIVE;
				CLANG_CXX_LANGUAGE_STANDARD = "gnu++14";
				CLANG_CXX_LIBRARY = "libc++";
				CLANG_ENABLE_MODULES = YES;
				CLANG_ENABLE_OBJC_ARC = YES;
				CLANG_ENABLE_OBJC_WEAK = YES;
				CLANG_WARN_BLOCK_CAPTURE_AUTORELEASING = YES;
				CLANG_WARN_BOOL_CONVERSION = YES;
				CLANG_WARN_COMMA = YES;
				CLANG_WARN_CONSTANT_CONVERSION = YES;
				CLANG_WARN_DEPRECATED_OBJC_IMPLEMENTATIONS = YES;
				CLANG_WARN_DIRECT_OBJC_ISA_USAGE = YES_ERROR;
				CLANG_WARN_DOCUMENTATION_COMMENTS = YES;
				CLANG_WARN_EMPTY_BODY = YES;
				CLANG_WARN_ENUM_CONVERSION = YES;
				CLANG_WARN_INFINITE_RECURSION = YES;
				CLANG_WARN_INT_CONVERSION = YES;
				CLANG_WARN_NON_LITERAL_NULL_CONVERSION = YES;
				CLANG_WARN_OBJC_IMPLICIT_RETAIN_SELF = YES;
				CLANG_WARN_OBJC_LITERAL_CONVERSION = YES;
				CLANG_WARN_OBJC_ROOT_CLASS = YES_ERROR;
				CLANG_WARN_RANGE_LOOP_ANALYSIS = YES;
				CLANG_WARN_STRICT_PROTOTYPES = YES;
				CLANG_WARN_SUSPICIOUS_MOVE = YES;
				CLANG_WARN_UNGUARDED_AVAILABILITY = YES_AGGRESSIVE;
				CLANG_WARN_UNREACHABLE_CODE = YES;
				CLANG_WARN__DUPLICATE_METHOD_MATCH = YES;
				CODE_SIGN_IDENTITY = "iPhone Developer";
				COPY_PHASE_STRIP = NO;
				DEBUG_INFORMATION_FORMAT = dwarf;
				ENABLE_STRICT_OBJC_MSGSEND = YES;
				ENABLE_TESTABILITY = YES;
				GCC_C_LANGUAGE_STANDARD = gnu11;
				GCC_DYNAMIC_NO_PIC = NO;
				GCC_NO_COMMON_BLOCKS = YES;
				GCC_OPTIMIZATION_LEVEL = 0;
				GCC_PREPROCESSOR_DEFINITIONS = (
					"DEBUG=1",
					"$(inherited)",
				);
				GCC_WARN_64_TO_32_BIT_CONVERSION = YES;
				GCC_WARN_ABOUT_RETURN_TYPE = YES_ERROR;
				GCC_WARN_UNDECLARED_SELECTOR = YES;
				GCC_WARN_UNINITIALIZED_AUTOS = YES_AGGRESSIVE;
				GCC_WARN_UNUSED_FUNCTION = YES;
				GCC_WARN_UNUSED_VARIABLE = YES;
				IPHONEOS_DEPLOYMENT_TARGET = 12.2;
				MTL_ENABLE_DEBUG_INFO = INCLUDE_SOURCE;
				MTL_FAST_MATH = YES;
				ONLY_ACTIVE_ARCH = YES;
				SDKROOT = iphoneos;
				SWIFT_ACTIVE_COMPILATION_CONDITIONS = DEBUG;
				SWIFT_OPTIMIZATION_LEVEL = "-Onone";
			};
			name = Debug;
		};
		177247B92274281700888535 /* Release */ = {
			isa = XCBuildConfiguration;
			buildSettings = {
				ALWAYS_SEARCH_USER_PATHS = NO;
				CLANG_ANALYZER_NONNULL = YES;
				CLANG_ANALYZER_NUMBER_OBJECT_CONVERSION = YES_AGGRESSIVE;
				CLANG_CXX_LANGUAGE_STANDARD = "gnu++14";
				CLANG_CXX_LIBRARY = "libc++";
				CLANG_ENABLE_MODULES = YES;
				CLANG_ENABLE_OBJC_ARC = YES;
				CLANG_ENABLE_OBJC_WEAK = YES;
				CLANG_WARN_BLOCK_CAPTURE_AUTORELEASING = YES;
				CLANG_WARN_BOOL_CONVERSION = YES;
				CLANG_WARN_COMMA = YES;
				CLANG_WARN_CONSTANT_CONVERSION = YES;
				CLANG_WARN_DEPRECATED_OBJC_IMPLEMENTATIONS = YES;
				CLANG_WARN_DIRECT_OBJC_ISA_USAGE = YES_ERROR;
				CLANG_WARN_DOCUMENTATION_COMMENTS = YES;
				CLANG_WARN_EMPTY_BODY = YES;
				CLANG_WARN_ENUM_CONVERSION = YES;
				CLANG_WARN_INFINITE_RECURSION = YES;
				CLANG_WARN_INT_CONVERSION = YES;
				CLANG_WARN_NON_LITERAL_NULL_CONVERSION = YES;
				CLANG_WARN_OBJC_IMPLICIT_RETAIN_SELF = YES;
				CLANG_WARN_OBJC_LITERAL_CONVERSION = YES;
				CLANG_WARN_OBJC_ROOT_CLASS = YES_ERROR;
				CLANG_WARN_RANGE_LOOP_ANALYSIS = YES;
				CLANG_WARN_STRICT_PROTOTYPES = YES;
				CLANG_WARN_SUSPICIOUS_MOVE = YES;
				CLANG_WARN_UNGUARDED_AVAILABILITY = YES_AGGRESSIVE;
				CLANG_WARN_UNREACHABLE_CODE = YES;
				CLANG_WARN__DUPLICATE_METHOD_MATCH = YES;
				CODE_SIGN_IDENTITY = "iPhone Developer";
				COPY_PHASE_STRIP = NO;
				DEBUG_INFORMATION_FORMAT = "dwarf-with-dsym";
				ENABLE_NS_ASSERTIONS = NO;
				ENABLE_STRICT_OBJC_MSGSEND = YES;
				GCC_C_LANGUAGE_STANDARD = gnu11;
				GCC_NO_COMMON_BLOCKS = YES;
				GCC_WARN_64_TO_32_BIT_CONVERSION = YES;
				GCC_WARN_ABOUT_RETURN_TYPE = YES_ERROR;
				GCC_WARN_UNDECLARED_SELECTOR = YES;
				GCC_WARN_UNINITIALIZED_AUTOS = YES_AGGRESSIVE;
				GCC_WARN_UNUSED_FUNCTION = YES;
				GCC_WARN_UNUSED_VARIABLE = YES;
				IPHONEOS_DEPLOYMENT_TARGET = 12.2;
				MTL_ENABLE_DEBUG_INFO = NO;
				MTL_FAST_MATH = YES;
				SDKROOT = iphoneos;
				SWIFT_COMPILATION_MODE = wholemodule;
				SWIFT_OPTIMIZATION_LEVEL = "-O";
				VALIDATE_PRODUCT = YES;
			};
			name = Release;
		};
		177247BB2274281700888535 /* Debug */ = {
			isa = XCBuildConfiguration;
			buildSettings = {
				ASSETCATALOG_COMPILER_APPICON_NAME = AppIcon;
				CODE_SIGN_STYLE = Automatic;
				DEVELOPMENT_TEAM = 67U7CVYQJQ;
				INFOPLIST_FILE = Yafix/Info.plist;
				LD_RUNPATH_SEARCH_PATHS = (
					"$(inherited)",
					"@executable_path/Frameworks",
				);
				PRODUCT_BUNDLE_IDENTIFIER = com.zykis.Yafix;
				PRODUCT_NAME = "$(TARGET_NAME)";
				SWIFT_VERSION = 5.0;
				TARGETED_DEVICE_FAMILY = "1,2";
			};
			name = Debug;
		};
		177247BC2274281700888535 /* Release */ = {
			isa = XCBuildConfiguration;
			buildSettings = {
				ASSETCATALOG_COMPILER_APPICON_NAME = AppIcon;
				CODE_SIGN_STYLE = Automatic;
				DEVELOPMENT_TEAM = 67U7CVYQJQ;
				INFOPLIST_FILE = Yafix/Info.plist;
				LD_RUNPATH_SEARCH_PATHS = (
					"$(inherited)",
					"@executable_path/Frameworks",
				);
				PRODUCT_BUNDLE_IDENTIFIER = com.zykis.Yafix;
				PRODUCT_NAME = "$(TARGET_NAME)";
				SWIFT_VERSION = 5.0;
				TARGETED_DEVICE_FAMILY = "1,2";
			};
			name = Release;
		};
		177247BE2274281700888535 /* Debug */ = {
			isa = XCBuildConfiguration;
			buildSettings = {
				ALWAYS_EMBED_SWIFT_STANDARD_LIBRARIES = YES;
				BUNDLE_LOADER = "$(TEST_HOST)";
				CODE_SIGN_STYLE = Automatic;
				DEVELOPMENT_TEAM = 67U7CVYQJQ;
				INFOPLIST_FILE = YafixTests/Info.plist;
				LD_RUNPATH_SEARCH_PATHS = (
					"$(inherited)",
					"@executable_path/Frameworks",
					"@loader_path/Frameworks",
				);
				PRODUCT_BUNDLE_IDENTIFIER = com.zykis.YafixTests;
				PRODUCT_NAME = "$(TARGET_NAME)";
				SWIFT_VERSION = 5.0;
				TARGETED_DEVICE_FAMILY = "1,2";
				TEST_HOST = "$(BUILT_PRODUCTS_DIR)/Yafix.app/Yafix";
			};
			name = Debug;
		};
		177247BF2274281700888535 /* Release */ = {
			isa = XCBuildConfiguration;
			buildSettings = {
				ALWAYS_EMBED_SWIFT_STANDARD_LIBRARIES = YES;
				BUNDLE_LOADER = "$(TEST_HOST)";
				CODE_SIGN_STYLE = Automatic;
				DEVELOPMENT_TEAM = 67U7CVYQJQ;
				INFOPLIST_FILE = YafixTests/Info.plist;
				LD_RUNPATH_SEARCH_PATHS = (
					"$(inherited)",
					"@executable_path/Frameworks",
					"@loader_path/Frameworks",
				);
				PRODUCT_BUNDLE_IDENTIFIER = com.zykis.YafixTests;
				PRODUCT_NAME = "$(TARGET_NAME)";
				SWIFT_VERSION = 5.0;
				TARGETED_DEVICE_FAMILY = "1,2";
				TEST_HOST = "$(BUILT_PRODUCTS_DIR)/Yafix.app/Yafix";
			};
			name = Release;
		};
/* End XCBuildConfiguration section */

/* Begin XCConfigurationList section */
		177247952274281600888535 /* Build configuration list for PBXProject "Yafix" */ = {
			isa = XCConfigurationList;
			buildConfigurations = (
				177247B82274281700888535 /* Debug */,
				177247B92274281700888535 /* Release */,
			);
			defaultConfigurationIsVisible = 0;
			defaultConfigurationName = Release;
		};
		177247BA2274281700888535 /* Build configuration list for PBXNativeTarget "Yafix" */ = {
			isa = XCConfigurationList;
			buildConfigurations = (
				177247BB2274281700888535 /* Debug */,
				177247BC2274281700888535 /* Release */,
			);
			defaultConfigurationIsVisible = 0;
			defaultConfigurationName = Release;
		};
		177247BD2274281700888535 /* Build configuration list for PBXNativeTarget "YafixTests" */ = {
			isa = XCConfigurationList;
			buildConfigurations = (
				177247BE2274281700888535 /* Debug */,
				177247BF2274281700888535 /* Release */,
			);
			defaultConfigurationIsVisible = 0;
			defaultConfigurationName = Release;
		};
/* End XCConfigurationList section */

/* Begin XCVersionGroup section */
		177247A42274281600888535 /* Yafix.xcdatamodeld */ = {
			isa = XCVersionGroup;
			children = (
				177247A52274281600888535 /* Yafix.xcdatamodel */,
			);
			currentVersion = 177247A52274281600888535 /* Yafix.xcdatamodel */;
			path = Yafix.xcdatamodeld;
			sourceTree = "<group>";
			versionGroupType = wrapper.xcdatamodel;
		};
/* End XCVersionGroup section */
	};
	rootObject = 177247922274281600888535 /* Project object */;
}
