// !$*UTF8*$!
{
	archiveVersion = 1;
	classes = {
	};
	objectVersion = 51;
	objects = {

/* Begin PBXBuildFile section */
		170AC6F322742C920067BD77 /* FlightSearchViewController.xib in Resources */ = {isa = PBXBuildFile; fileRef = 170AC6F222742C920067BD77 /* FlightSearchViewController.xib */; };
		170AC6F522742CE80067BD77 /* FlightSearchPresenter.swift in Sources */ = {isa = PBXBuildFile; fileRef = 170AC6F422742CE80067BD77 /* FlightSearchPresenter.swift */; };
		170B316C22A0166900C1832B /* CalendarCell.swift in Sources */ = {isa = PBXBuildFile; fileRef = 170B316B22A0166900C1832B /* CalendarCell.swift */; };
		170B317022A03CCE00C1832B /* UIBarButtonItem.SystemItem + image.swift in Sources */ = {isa = PBXBuildFile; fileRef = 170B316F22A03CCE00C1832B /* UIBarButtonItem.SystemItem + image.swift */; };
		170FC4292295395200C3A751 /* DatePickerViewController.swift in Sources */ = {isa = PBXBuildFile; fileRef = 170FC4282295395200C3A751 /* DatePickerViewController.swift */; };
		170FC42F2295F07500C3A751 /* back-button@3x.png in Resources */ = {isa = PBXBuildFile; fileRef = 170FC42D2295F07500C3A751 /* back-button@3x.png */; };
		170FC4302295F07500C3A751 /* back-button@2x.png in Resources */ = {isa = PBXBuildFile; fileRef = 170FC42E2295F07500C3A751 /* back-button@2x.png */; };
		171DFA94227C6D05006DD6DA /* AirportPickerCell.xib in Resources */ = {isa = PBXBuildFile; fileRef = 171DFA93227C6D05006DD6DA /* AirportPickerCell.xib */; };
		171DFA96227DB0BA006DD6DA /* AirportPickerCell.swift in Sources */ = {isa = PBXBuildFile; fileRef = 171DFA95227DB0BA006DD6DA /* AirportPickerCell.swift */; };
		171DFA98227DD3B4006DD6DA /* AiroirtPickerCellViewModel.swift in Sources */ = {isa = PBXBuildFile; fileRef = 171DFA97227DD3B4006DD6DA /* AiroirtPickerCellViewModel.swift */; };
		171DFA9B227DD6FD006DD6DA /* UITableViewCell+Identifier.swift in Sources */ = {isa = PBXBuildFile; fileRef = 171DFA9A227DD6FD006DD6DA /* UITableViewCell+Identifier.swift */; };
		171DFA9D227F7D01006DD6DA /* JRSDKAirportBuilder+Sample.swift in Sources */ = {isa = PBXBuildFile; fileRef = 171DFA9C227F7D01006DD6DA /* JRSDKAirportBuilder+Sample.swift */; };
		172012EC229E720B00FA40A7 /* DatePickerViewController.xib in Resources */ = {isa = PBXBuildFile; fileRef = 172012EB229E720B00FA40A7 /* DatePickerViewController.xib */; };
		172012F1229E78DB00FA40A7 /* DatePickerPresenter.swift in Sources */ = {isa = PBXBuildFile; fileRef = 172012F0229E78DB00FA40A7 /* DatePickerPresenter.swift */; };
		1723C44A2276248E002608DF /* FlightSearchViewModel.swift in Sources */ = {isa = PBXBuildFile; fileRef = 1723C4492276248E002608DF /* FlightSearchViewModel.swift */; };
		17385FBA227FE79600D04A1A /* UIViewController+dismiss.swift in Sources */ = {isa = PBXBuildFile; fileRef = 17385FB9227FE79600D04A1A /* UIViewController+dismiss.swift */; };
		17385FBE2280B13100D04A1A /* FlightSearchModel.swift in Sources */ = {isa = PBXBuildFile; fileRef = 17385FBD2280B13100D04A1A /* FlightSearchModel.swift */; };
		175C807222EDCEB4004313C1 /* icon-swap@2x.png in Resources */ = {isa = PBXBuildFile; fileRef = 175C807022EDCEB4004313C1 /* icon-swap@2x.png */; };
		175C807322EDCEB4004313C1 /* icon-swap@3x.png in Resources */ = {isa = PBXBuildFile; fileRef = 175C807122EDCEB4004313C1 /* icon-swap@3x.png */; };
		175C807522EDE455004313C1 /* Date+String.swift in Sources */ = {isa = PBXBuildFile; fileRef = 175C807422EDE455004313C1 /* Date+String.swift */; };
		175C807922EDF6C7004313C1 /* PassengerPickerView.swift in Sources */ = {isa = PBXBuildFile; fileRef = 175C807822EDF6C7004313C1 /* PassengerPickerView.swift */; };
		175C807B22EDF6E4004313C1 /* PassengerPickerView.xib in Resources */ = {isa = PBXBuildFile; fileRef = 175C807A22EDF6E4004313C1 /* PassengerPickerView.xib */; };
		175C808022EE0BCD004313C1 /* icon-add@3x.png in Resources */ = {isa = PBXBuildFile; fileRef = 175C807C22EE0BCD004313C1 /* icon-add@3x.png */; };
		175C808122EE0BCD004313C1 /* icon-remove@3x.png in Resources */ = {isa = PBXBuildFile; fileRef = 175C807D22EE0BCD004313C1 /* icon-remove@3x.png */; };
		175C808222EE0BCD004313C1 /* icon-add@2x.png in Resources */ = {isa = PBXBuildFile; fileRef = 175C807E22EE0BCD004313C1 /* icon-add@2x.png */; };
		175C808322EE0BCD004313C1 /* icon-remove@2x.png in Resources */ = {isa = PBXBuildFile; fileRef = 175C807F22EE0BCD004313C1 /* icon-remove@2x.png */; };
		175C808522EE41B6004313C1 /* TravelClassPickerView.xib in Resources */ = {isa = PBXBuildFile; fileRef = 175C808422EE41B6004313C1 /* TravelClassPickerView.xib */; };
		175C808722EE4312004313C1 /* TravelClassPickerView.swift in Sources */ = {isa = PBXBuildFile; fileRef = 175C808622EE4312004313C1 /* TravelClassPickerView.swift */; };
		175C808A22EE4534004313C1 /* icon-accept@3x.png in Resources */ = {isa = PBXBuildFile; fileRef = 175C808822EE4534004313C1 /* icon-accept@3x.png */; };
		175C808B22EE4534004313C1 /* icon-accept@2x.png in Resources */ = {isa = PBXBuildFile; fileRef = 175C808922EE4534004313C1 /* icon-accept@2x.png */; };
		175C808E22EF3FDA004313C1 /* icon-location@3x.png in Resources */ = {isa = PBXBuildFile; fileRef = 175C808C22EF3FD9004313C1 /* icon-location@3x.png */; };
		175C808F22EF3FDA004313C1 /* icon-location@2x.png in Resources */ = {isa = PBXBuildFile; fileRef = 175C808D22EF3FDA004313C1 /* icon-location@2x.png */; };
		175C809222F085C9004313C1 /* icon-arrow-right@2x.png in Resources */ = {isa = PBXBuildFile; fileRef = 175C809022F085C9004313C1 /* icon-arrow-right@2x.png */; };
		175C809322F085C9004313C1 /* icon-arrow-right@3x.png in Resources */ = {isa = PBXBuildFile; fileRef = 175C809122F085C9004313C1 /* icon-arrow-right@3x.png */; };
		175C809622F08715004313C1 /* icon-arrow-left@2x.png in Resources */ = {isa = PBXBuildFile; fileRef = 175C809422F08714004313C1 /* icon-arrow-left@2x.png */; };
		175C809722F08715004313C1 /* icon-arrow-left@3x.png in Resources */ = {isa = PBXBuildFile; fileRef = 175C809522F08715004313C1 /* icon-arrow-left@3x.png */; };
		175C809A22F087D8004313C1 /* icon-settings@2x.png in Resources */ = {isa = PBXBuildFile; fileRef = 175C809822F087D8004313C1 /* icon-settings@2x.png */; };
		175C809B22F087D8004313C1 /* icon-settings@3x.png in Resources */ = {isa = PBXBuildFile; fileRef = 175C809922F087D8004313C1 /* icon-settings@3x.png */; };
		175C809E22F08F92004313C1 /* icon-american-airline@2x.png in Resources */ = {isa = PBXBuildFile; fileRef = 175C809C22F08F91004313C1 /* icon-american-airline@2x.png */; };
		175C809F22F08F92004313C1 /* icon-american-airline@3x.png in Resources */ = {isa = PBXBuildFile; fileRef = 175C809D22F08F92004313C1 /* icon-american-airline@3x.png */; };
		175C80A122F0DA60004313C1 /* UIImageView + download.swift in Sources */ = {isa = PBXBuildFile; fileRef = 175C80A022F0DA60004313C1 /* UIImageView + download.swift */; };
		1772479E2274281600888535 /* AppDelegate.swift in Sources */ = {isa = PBXBuildFile; fileRef = 1772479D2274281600888535 /* AppDelegate.swift */; };
		177247A02274281600888535 /* FlightSearchViewController.swift in Sources */ = {isa = PBXBuildFile; fileRef = 1772479F2274281600888535 /* FlightSearchViewController.swift */; };
		177247A62274281600888535 /* Yafix.xcdatamodeld in Sources */ = {isa = PBXBuildFile; fileRef = 177247A42274281600888535 /* Yafix.xcdatamodeld */; };
		177247A82274281700888535 /* Assets.xcassets in Resources */ = {isa = PBXBuildFile; fileRef = 177247A72274281700888535 /* Assets.xcassets */; };
		177247AB2274281700888535 /* LaunchScreen.storyboard in Resources */ = {isa = PBXBuildFile; fileRef = 177247A92274281700888535 /* LaunchScreen.storyboard */; };
		177247B62274281700888535 /* YafixTests.swift in Sources */ = {isa = PBXBuildFile; fileRef = 177247B52274281700888535 /* YafixTests.swift */; };
		1781052A227B42C900F510FF /* AirportPickerViewController.xib in Resources */ = {isa = PBXBuildFile; fileRef = 17810529227B42C900F510FF /* AirportPickerViewController.xib */; };
		1781052C227B451400F510FF /* AirportPickerViewController.swift in Sources */ = {isa = PBXBuildFile; fileRef = 1781052B227B451400F510FF /* AirportPickerViewController.swift */; };
		1781052E227B455300F510FF /* AirportPickerPresenter.swift in Sources */ = {isa = PBXBuildFile; fileRef = 1781052D227B455300F510FF /* AirportPickerPresenter.swift */; };
		179644252292948F00A41091 /* SearchResult.png in Resources */ = {isa = PBXBuildFile; fileRef = 1796441F2292948F00A41091 /* SearchResult.png */; };
		179644262292948F00A41091 /* PassengerPicker.png in Resources */ = {isa = PBXBuildFile; fileRef = 179644202292948F00A41091 /* PassengerPicker.png */; };
		179644272292948F00A41091 /* Overall.gif in Resources */ = {isa = PBXBuildFile; fileRef = 179644212292948F00A41091 /* Overall.gif */; };
		179644282292948F00A41091 /* AirportPicker.png in Resources */ = {isa = PBXBuildFile; fileRef = 179644222292948F00A41091 /* AirportPicker.png */; };
		179644292292948F00A41091 /* DatePicker.png in Resources */ = {isa = PBXBuildFile; fileRef = 179644232292948F00A41091 /* DatePicker.png */; };
		1796442A2292948F00A41091 /* FlightSearch.png in Resources */ = {isa = PBXBuildFile; fileRef = 179644242292948F00A41091 /* FlightSearch.png */; };
		17A0FD972282B32D0041B802 /* SearchResultsPresenter.swift in Sources */ = {isa = PBXBuildFile; fileRef = 17A0FD942282B32D0041B802 /* SearchResultsPresenter.swift */; };
		17A0FD982282B32D0041B802 /* SearchResultsViewController.xib in Resources */ = {isa = PBXBuildFile; fileRef = 17A0FD952282B32D0041B802 /* SearchResultsViewController.xib */; };
		17A0FD992282B32D0041B802 /* SearchResultsViewController.swift in Sources */ = {isa = PBXBuildFile; fileRef = 17A0FD962282B32D0041B802 /* SearchResultsViewController.swift */; };
		17A0FD9E2282BA260041B802 /* SearchResultsViewModel.swift in Sources */ = {isa = PBXBuildFile; fileRef = 17A0FD9D2282BA260041B802 /* SearchResultsViewModel.swift */; };
		17A0FDA12282C3D30041B802 /* SearchResultCell.swift in Sources */ = {isa = PBXBuildFile; fileRef = 17A0FDA02282C3D30041B802 /* SearchResultCell.swift */; };
		17A0FDA32282C3E00041B802 /* SearchResultCell.xib in Resources */ = {isa = PBXBuildFile; fileRef = 17A0FDA22282C3E00041B802 /* SearchResultCell.xib */; };
		17A9D80F2274940500E8BA3F /* LoadingViewController.xib in Resources */ = {isa = PBXBuildFile; fileRef = 17A9D80E2274940500E8BA3F /* LoadingViewController.xib */; };
		17A9D8112274944D00E8BA3F /* LoadingViewController.swift in Sources */ = {isa = PBXBuildFile; fileRef = 17A9D8102274944D00E8BA3F /* LoadingViewController.swift */; };
		17A9D8132274964200E8BA3F /* LoadingPresenter.swift in Sources */ = {isa = PBXBuildFile; fileRef = 17A9D8122274964200E8BA3F /* LoadingPresenter.swift */; };
		17B9F37722ED28F30033401E /* icon-close@2x.png in Resources */ = {isa = PBXBuildFile; fileRef = 17B9F37522ED28F30033401E /* icon-close@2x.png */; };
		17B9F37822ED28F30033401E /* icon-close@3x.png in Resources */ = {isa = PBXBuildFile; fileRef = 17B9F37622ED28F30033401E /* icon-close@3x.png */; };
		17B9F37A22ED29300033401E /* Colors.swift in Sources */ = {isa = PBXBuildFile; fileRef = 17B9F37922ED29300033401E /* Colors.swift */; };
		CB2C8A37E853FED15C249CF0 /* Pods_Yafix.framework in Frameworks */ = {isa = PBXBuildFile; fileRef = 70D7BA4F8C1C61A327DEFD40 /* Pods_Yafix.framework */; };
/* End PBXBuildFile section */

/* Begin PBXContainerItemProxy section */
		177247B22274281700888535 /* PBXContainerItemProxy */ = {
			isa = PBXContainerItemProxy;
			containerPortal = 177247922274281600888535 /* Project object */;
			proxyType = 1;
			remoteGlobalIDString = 177247992274281600888535;
			remoteInfo = Yafix;
		};
/* End PBXContainerItemProxy section */

/* Begin PBXFileReference section */
		170AC6F222742C920067BD77 /* FlightSearchViewController.xib */ = {isa = PBXFileReference; lastKnownFileType = file.xib; path = FlightSearchViewController.xib; sourceTree = "<group>"; };
		170AC6F422742CE80067BD77 /* FlightSearchPresenter.swift */ = {isa = PBXFileReference; lastKnownFileType = sourcecode.swift; path = FlightSearchPresenter.swift; sourceTree = "<group>"; };
		170B316B22A0166900C1832B /* CalendarCell.swift */ = {isa = PBXFileReference; lastKnownFileType = sourcecode.swift; path = CalendarCell.swift; sourceTree = "<group>"; };
		170B316F22A03CCE00C1832B /* UIBarButtonItem.SystemItem + image.swift */ = {isa = PBXFileReference; lastKnownFileType = sourcecode.swift; path = "UIBarButtonItem.SystemItem + image.swift"; sourceTree = "<group>"; };
		170FC4282295395200C3A751 /* DatePickerViewController.swift */ = {isa = PBXFileReference; lastKnownFileType = sourcecode.swift; path = DatePickerViewController.swift; sourceTree = "<group>"; };
		170FC42D2295F07500C3A751 /* back-button@3x.png */ = {isa = PBXFileReference; lastKnownFileType = image.png; path = "back-button@3x.png"; sourceTree = "<group>"; };
		170FC42E2295F07500C3A751 /* back-button@2x.png */ = {isa = PBXFileReference; lastKnownFileType = image.png; path = "back-button@2x.png"; sourceTree = "<group>"; };
		171DFA93227C6D05006DD6DA /* AirportPickerCell.xib */ = {isa = PBXFileReference; lastKnownFileType = file.xib; path = AirportPickerCell.xib; sourceTree = "<group>"; };
		171DFA95227DB0BA006DD6DA /* AirportPickerCell.swift */ = {isa = PBXFileReference; lastKnownFileType = sourcecode.swift; path = AirportPickerCell.swift; sourceTree = "<group>"; };
		171DFA97227DD3B4006DD6DA /* AiroirtPickerCellViewModel.swift */ = {isa = PBXFileReference; lastKnownFileType = sourcecode.swift; path = AiroirtPickerCellViewModel.swift; sourceTree = "<group>"; };
		171DFA9A227DD6FD006DD6DA /* UITableViewCell+Identifier.swift */ = {isa = PBXFileReference; lastKnownFileType = sourcecode.swift; path = "UITableViewCell+Identifier.swift"; sourceTree = "<group>"; };
		171DFA9C227F7D01006DD6DA /* JRSDKAirportBuilder+Sample.swift */ = {isa = PBXFileReference; lastKnownFileType = sourcecode.swift; path = "JRSDKAirportBuilder+Sample.swift"; sourceTree = "<group>"; };
		172012EB229E720B00FA40A7 /* DatePickerViewController.xib */ = {isa = PBXFileReference; lastKnownFileType = file.xib; path = DatePickerViewController.xib; sourceTree = "<group>"; };
		172012F0229E78DB00FA40A7 /* DatePickerPresenter.swift */ = {isa = PBXFileReference; lastKnownFileType = sourcecode.swift; path = DatePickerPresenter.swift; sourceTree = "<group>"; };
		1723C4492276248E002608DF /* FlightSearchViewModel.swift */ = {isa = PBXFileReference; lastKnownFileType = sourcecode.swift; path = FlightSearchViewModel.swift; sourceTree = "<group>"; };
		17385FB9227FE79600D04A1A /* UIViewController+dismiss.swift */ = {isa = PBXFileReference; lastKnownFileType = sourcecode.swift; path = "UIViewController+dismiss.swift"; sourceTree = "<group>"; };
		17385FBD2280B13100D04A1A /* FlightSearchModel.swift */ = {isa = PBXFileReference; lastKnownFileType = sourcecode.swift; path = FlightSearchModel.swift; sourceTree = "<group>"; };
		175C807022EDCEB4004313C1 /* icon-swap@2x.png */ = {isa = PBXFileReference; lastKnownFileType = image.png; path = "icon-swap@2x.png"; sourceTree = "<group>"; };
		175C807122EDCEB4004313C1 /* icon-swap@3x.png */ = {isa = PBXFileReference; lastKnownFileType = image.png; path = "icon-swap@3x.png"; sourceTree = "<group>"; };
		175C807422EDE455004313C1 /* Date+String.swift */ = {isa = PBXFileReference; lastKnownFileType = sourcecode.swift; path = "Date+String.swift"; sourceTree = "<group>"; };
		175C807822EDF6C7004313C1 /* PassengerPickerView.swift */ = {isa = PBXFileReference; lastKnownFileType = sourcecode.swift; path = PassengerPickerView.swift; sourceTree = "<group>"; };
		175C807A22EDF6E4004313C1 /* PassengerPickerView.xib */ = {isa = PBXFileReference; lastKnownFileType = file.xib; path = PassengerPickerView.xib; sourceTree = "<group>"; };
		175C807C22EE0BCD004313C1 /* icon-add@3x.png */ = {isa = PBXFileReference; lastKnownFileType = image.png; path = "icon-add@3x.png"; sourceTree = "<group>"; };
		175C807D22EE0BCD004313C1 /* icon-remove@3x.png */ = {isa = PBXFileReference; lastKnownFileType = image.png; path = "icon-remove@3x.png"; sourceTree = "<group>"; };
		175C807E22EE0BCD004313C1 /* icon-add@2x.png */ = {isa = PBXFileReference; lastKnownFileType = image.png; path = "icon-add@2x.png"; sourceTree = "<group>"; };
		175C807F22EE0BCD004313C1 /* icon-remove@2x.png */ = {isa = PBXFileReference; lastKnownFileType = image.png; path = "icon-remove@2x.png"; sourceTree = "<group>"; };
		175C808422EE41B6004313C1 /* TravelClassPickerView.xib */ = {isa = PBXFileReference; lastKnownFileType = file.xib; path = TravelClassPickerView.xib; sourceTree = "<group>"; };
		175C808622EE4312004313C1 /* TravelClassPickerView.swift */ = {isa = PBXFileReference; lastKnownFileType = sourcecode.swift; path = TravelClassPickerView.swift; sourceTree = "<group>"; };
		175C808822EE4534004313C1 /* icon-accept@3x.png */ = {isa = PBXFileReference; lastKnownFileType = image.png; path = "icon-accept@3x.png"; sourceTree = "<group>"; };
		175C808922EE4534004313C1 /* icon-accept@2x.png */ = {isa = PBXFileReference; lastKnownFileType = image.png; path = "icon-accept@2x.png"; sourceTree = "<group>"; };
		175C808C22EF3FD9004313C1 /* icon-location@3x.png */ = {isa = PBXFileReference; lastKnownFileType = image.png; path = "icon-location@3x.png"; sourceTree = "<group>"; };
		175C808D22EF3FDA004313C1 /* icon-location@2x.png */ = {isa = PBXFileReference; lastKnownFileType = image.png; path = "icon-location@2x.png"; sourceTree = "<group>"; };
		175C809022F085C9004313C1 /* icon-arrow-right@2x.png */ = {isa = PBXFileReference; lastKnownFileType = image.png; path = "icon-arrow-right@2x.png"; sourceTree = "<group>"; };
		175C809122F085C9004313C1 /* icon-arrow-right@3x.png */ = {isa = PBXFileReference; lastKnownFileType = image.png; path = "icon-arrow-right@3x.png"; sourceTree = "<group>"; };
		175C809422F08714004313C1 /* icon-arrow-left@2x.png */ = {isa = PBXFileReference; lastKnownFileType = image.png; path = "icon-arrow-left@2x.png"; sourceTree = "<group>"; };
		175C809522F08715004313C1 /* icon-arrow-left@3x.png */ = {isa = PBXFileReference; lastKnownFileType = image.png; path = "icon-arrow-left@3x.png"; sourceTree = "<group>"; };
		175C809822F087D8004313C1 /* icon-settings@2x.png */ = {isa = PBXFileReference; lastKnownFileType = image.png; path = "icon-settings@2x.png"; sourceTree = "<group>"; };
		175C809922F087D8004313C1 /* icon-settings@3x.png */ = {isa = PBXFileReference; lastKnownFileType = image.png; path = "icon-settings@3x.png"; sourceTree = "<group>"; };
		175C809C22F08F91004313C1 /* icon-american-airline@2x.png */ = {isa = PBXFileReference; lastKnownFileType = image.png; path = "icon-american-airline@2x.png"; sourceTree = "<group>"; };
		175C809D22F08F92004313C1 /* icon-american-airline@3x.png */ = {isa = PBXFileReference; lastKnownFileType = image.png; path = "icon-american-airline@3x.png"; sourceTree = "<group>"; };
		175C80A022F0DA60004313C1 /* UIImageView + download.swift */ = {isa = PBXFileReference; lastKnownFileType = sourcecode.swift; path = "UIImageView + download.swift"; sourceTree = "<group>"; };
		1772479A2274281600888535 /* Yafix.app */ = {isa = PBXFileReference; explicitFileType = wrapper.application; includeInIndex = 0; path = Yafix.app; sourceTree = BUILT_PRODUCTS_DIR; };
		1772479D2274281600888535 /* AppDelegate.swift */ = {isa = PBXFileReference; lastKnownFileType = sourcecode.swift; path = AppDelegate.swift; sourceTree = "<group>"; };
		1772479F2274281600888535 /* FlightSearchViewController.swift */ = {isa = PBXFileReference; lastKnownFileType = sourcecode.swift; path = FlightSearchViewController.swift; sourceTree = "<group>"; };
		177247A52274281600888535 /* Yafix.xcdatamodel */ = {isa = PBXFileReference; lastKnownFileType = wrapper.xcdatamodel; path = Yafix.xcdatamodel; sourceTree = "<group>"; };
		177247A72274281700888535 /* Assets.xcassets */ = {isa = PBXFileReference; lastKnownFileType = folder.assetcatalog; path = Assets.xcassets; sourceTree = "<group>"; };
		177247AA2274281700888535 /* Base */ = {isa = PBXFileReference; lastKnownFileType = file.storyboard; name = Base; path = Base.lproj/LaunchScreen.storyboard; sourceTree = "<group>"; };
		177247AC2274281700888535 /* Info.plist */ = {isa = PBXFileReference; lastKnownFileType = text.plist.xml; path = Info.plist; sourceTree = "<group>"; };
		177247B12274281700888535 /* YafixTests.xctest */ = {isa = PBXFileReference; explicitFileType = wrapper.cfbundle; includeInIndex = 0; path = YafixTests.xctest; sourceTree = BUILT_PRODUCTS_DIR; };
		177247B52274281700888535 /* YafixTests.swift */ = {isa = PBXFileReference; lastKnownFileType = sourcecode.swift; path = YafixTests.swift; sourceTree = "<group>"; };
		177247B72274281700888535 /* Info.plist */ = {isa = PBXFileReference; lastKnownFileType = text.plist.xml; path = Info.plist; sourceTree = "<group>"; };
		17810529227B42C900F510FF /* AirportPickerViewController.xib */ = {isa = PBXFileReference; lastKnownFileType = file.xib; path = AirportPickerViewController.xib; sourceTree = "<group>"; };
		1781052B227B451400F510FF /* AirportPickerViewController.swift */ = {isa = PBXFileReference; lastKnownFileType = sourcecode.swift; path = AirportPickerViewController.swift; sourceTree = "<group>"; };
		1781052D227B455300F510FF /* AirportPickerPresenter.swift */ = {isa = PBXFileReference; lastKnownFileType = sourcecode.swift; path = AirportPickerPresenter.swift; sourceTree = "<group>"; };
		1796441F2292948F00A41091 /* SearchResult.png */ = {isa = PBXFileReference; lastKnownFileType = image.png; path = SearchResult.png; sourceTree = "<group>"; };
		179644202292948F00A41091 /* PassengerPicker.png */ = {isa = PBXFileReference; lastKnownFileType = image.png; path = PassengerPicker.png; sourceTree = "<group>"; };
		179644212292948F00A41091 /* Overall.gif */ = {isa = PBXFileReference; lastKnownFileType = image.gif; path = Overall.gif; sourceTree = "<group>"; };
		179644222292948F00A41091 /* AirportPicker.png */ = {isa = PBXFileReference; lastKnownFileType = image.png; path = AirportPicker.png; sourceTree = "<group>"; };
		179644232292948F00A41091 /* DatePicker.png */ = {isa = PBXFileReference; lastKnownFileType = image.png; path = DatePicker.png; sourceTree = "<group>"; };
		179644242292948F00A41091 /* FlightSearch.png */ = {isa = PBXFileReference; lastKnownFileType = image.png; path = FlightSearch.png; sourceTree = "<group>"; };
		17A0FD942282B32D0041B802 /* SearchResultsPresenter.swift */ = {isa = PBXFileReference; fileEncoding = 4; lastKnownFileType = sourcecode.swift; path = SearchResultsPresenter.swift; sourceTree = "<group>"; };
		17A0FD952282B32D0041B802 /* SearchResultsViewController.xib */ = {isa = PBXFileReference; fileEncoding = 4; lastKnownFileType = file.xib; path = SearchResultsViewController.xib; sourceTree = "<group>"; };
		17A0FD962282B32D0041B802 /* SearchResultsViewController.swift */ = {isa = PBXFileReference; fileEncoding = 4; lastKnownFileType = sourcecode.swift; path = SearchResultsViewController.swift; sourceTree = "<group>"; };
		17A0FD9D2282BA260041B802 /* SearchResultsViewModel.swift */ = {isa = PBXFileReference; lastKnownFileType = sourcecode.swift; path = SearchResultsViewModel.swift; sourceTree = "<group>"; };
		17A0FDA02282C3D30041B802 /* SearchResultCell.swift */ = {isa = PBXFileReference; lastKnownFileType = sourcecode.swift; path = SearchResultCell.swift; sourceTree = "<group>"; };
		17A0FDA22282C3E00041B802 /* SearchResultCell.xib */ = {isa = PBXFileReference; lastKnownFileType = file.xib; path = SearchResultCell.xib; sourceTree = "<group>"; };
		17A9D80E2274940500E8BA3F /* LoadingViewController.xib */ = {isa = PBXFileReference; lastKnownFileType = file.xib; path = LoadingViewController.xib; sourceTree = "<group>"; };
		17A9D8102274944D00E8BA3F /* LoadingViewController.swift */ = {isa = PBXFileReference; lastKnownFileType = sourcecode.swift; path = LoadingViewController.swift; sourceTree = "<group>"; };
		17A9D8122274964200E8BA3F /* LoadingPresenter.swift */ = {isa = PBXFileReference; lastKnownFileType = sourcecode.swift; path = LoadingPresenter.swift; sourceTree = "<group>"; };
		17B9F37522ED28F30033401E /* icon-close@2x.png */ = {isa = PBXFileReference; lastKnownFileType = image.png; path = "icon-close@2x.png"; sourceTree = "<group>"; };
		17B9F37622ED28F30033401E /* icon-close@3x.png */ = {isa = PBXFileReference; lastKnownFileType = image.png; path = "icon-close@3x.png"; sourceTree = "<group>"; };
		17B9F37922ED29300033401E /* Colors.swift */ = {isa = PBXFileReference; lastKnownFileType = sourcecode.swift; path = Colors.swift; sourceTree = "<group>"; };
		70D7BA4F8C1C61A327DEFD40 /* Pods_Yafix.framework */ = {isa = PBXFileReference; explicitFileType = wrapper.framework; includeInIndex = 0; path = Pods_Yafix.framework; sourceTree = BUILT_PRODUCTS_DIR; };
		98054FBE8DE2B7A282A75403 /* Pods-Yafix.debug.xcconfig */ = {isa = PBXFileReference; includeInIndex = 1; lastKnownFileType = text.xcconfig; name = "Pods-Yafix.debug.xcconfig"; path = "Pods/Target Support Files/Pods-Yafix/Pods-Yafix.debug.xcconfig"; sourceTree = "<group>"; };
		9ABD66D94092005587212C4A /* Pods-Yafix.release.xcconfig */ = {isa = PBXFileReference; includeInIndex = 1; lastKnownFileType = text.xcconfig; name = "Pods-Yafix.release.xcconfig"; path = "Pods/Target Support Files/Pods-Yafix/Pods-Yafix.release.xcconfig"; sourceTree = "<group>"; };
/* End PBXFileReference section */

/* Begin PBXFrameworksBuildPhase section */
		177247972274281600888535 /* Frameworks */ = {
			isa = PBXFrameworksBuildPhase;
			buildActionMask = 2147483647;
			files = (
				CB2C8A37E853FED15C249CF0 /* Pods_Yafix.framework in Frameworks */,
			);
			runOnlyForDeploymentPostprocessing = 0;
		};
		177247AE2274281700888535 /* Frameworks */ = {
			isa = PBXFrameworksBuildPhase;
			buildActionMask = 2147483647;
			files = (
			);
			runOnlyForDeploymentPostprocessing = 0;
		};
/* End PBXFrameworksBuildPhase section */

/* Begin PBXGroup section */
		170AC6F022742A690067BD77 /* Resources */ = {
			isa = PBXGroup;
			children = (
				170FC42A2295EF3800C3A751 /* Icons */,
				1796441E2292948F00A41091 /* Sketches */,
			);
			path = Resources;
			sourceTree = "<group>";
		};
		170AC6F122742C5A0067BD77 /* FlightSearch */ = {
			isa = PBXGroup;
			children = (
				1723C4482276245E002608DF /* ViewModel */,
				1723C4462276244A002608DF /* View */,
				1723C44722762457002608DF /* Presenter */,
			);
			path = FlightSearch;
			sourceTree = "<group>";
		};
		170B316A22A015E000C1832B /* FSCalendar */ = {
			isa = PBXGroup;
			children = (
				170B316B22A0166900C1832B /* CalendarCell.swift */,
			);
			path = FSCalendar;
			sourceTree = "<group>";
		};
		170FC4272295394500C3A751 /* DatePicker */ = {
			isa = PBXGroup;
			children = (
				170B316A22A015E000C1832B /* FSCalendar */,
				172012EF229E78C000FA40A7 /* ViewModel */,
				172012EE229E78B300FA40A7 /* Presenter */,
				172012ED229E78AF00FA40A7 /* View */,
			);
			path = DatePicker;
			sourceTree = "<group>";
		};
		170FC42A2295EF3800C3A751 /* Icons */ = {
			isa = PBXGroup;
			children = (
				175C809C22F08F91004313C1 /* icon-american-airline@2x.png */,
				175C809D22F08F92004313C1 /* icon-american-airline@3x.png */,
				175C809822F087D8004313C1 /* icon-settings@2x.png */,
				175C809922F087D8004313C1 /* icon-settings@3x.png */,
				175C809422F08714004313C1 /* icon-arrow-left@2x.png */,
				175C809522F08715004313C1 /* icon-arrow-left@3x.png */,
				175C809122F085C9004313C1 /* icon-arrow-right@3x.png */,
				175C809022F085C9004313C1 /* icon-arrow-right@2x.png */,
				175C808D22EF3FDA004313C1 /* icon-location@2x.png */,
				175C808C22EF3FD9004313C1 /* icon-location@3x.png */,
				175C808922EE4534004313C1 /* icon-accept@2x.png */,
				175C808822EE4534004313C1 /* icon-accept@3x.png */,
				175C807E22EE0BCD004313C1 /* icon-add@2x.png */,
				175C807C22EE0BCD004313C1 /* icon-add@3x.png */,
				175C807F22EE0BCD004313C1 /* icon-remove@2x.png */,
				175C807D22EE0BCD004313C1 /* icon-remove@3x.png */,
				175C807022EDCEB4004313C1 /* icon-swap@2x.png */,
				175C807122EDCEB4004313C1 /* icon-swap@3x.png */,
				17B9F37522ED28F30033401E /* icon-close@2x.png */,
				17B9F37622ED28F30033401E /* icon-close@3x.png */,
				170FC42E2295F07500C3A751 /* back-button@2x.png */,
				170FC42D2295F07500C3A751 /* back-button@3x.png */,
			);
			path = Icons;
			sourceTree = "<group>";
		};
		171DFA92227C6CE9006DD6DA /* AirportPickerCell */ = {
			isa = PBXGroup;
			children = (
				17385FBF2281C12D00D04A1A /* IATALabel */,
				171DFA95227DB0BA006DD6DA /* AirportPickerCell.swift */,
				171DFA93227C6D05006DD6DA /* AirportPickerCell.xib */,
				171DFA97227DD3B4006DD6DA /* AiroirtPickerCellViewModel.swift */,
			);
			path = AirportPickerCell;
			sourceTree = "<group>";
		};
		171DFA99227DD6D3006DD6DA /* Extenstions */ = {
			isa = PBXGroup;
			children = (
				171DFA9A227DD6FD006DD6DA /* UITableViewCell+Identifier.swift */,
				171DFA9C227F7D01006DD6DA /* JRSDKAirportBuilder+Sample.swift */,
				17385FB9227FE79600D04A1A /* UIViewController+dismiss.swift */,
				170B316F22A03CCE00C1832B /* UIBarButtonItem.SystemItem + image.swift */,
				175C807422EDE455004313C1 /* Date+String.swift */,
				175C80A022F0DA60004313C1 /* UIImageView + download.swift */,
			);
			path = Extenstions;
			sourceTree = "<group>";
		};
		172012ED229E78AF00FA40A7 /* View */ = {
			isa = PBXGroup;
			children = (
				170FC4282295395200C3A751 /* DatePickerViewController.swift */,
				172012EB229E720B00FA40A7 /* DatePickerViewController.xib */,
			);
			path = View;
			sourceTree = "<group>";
		};
		172012EE229E78B300FA40A7 /* Presenter */ = {
			isa = PBXGroup;
			children = (
				172012F0229E78DB00FA40A7 /* DatePickerPresenter.swift */,
			);
			path = Presenter;
			sourceTree = "<group>";
		};
		172012EF229E78C000FA40A7 /* ViewModel */ = {
			isa = PBXGroup;
			children = (
			);
			path = ViewModel;
			sourceTree = "<group>";
		};
		1723C4462276244A002608DF /* View */ = {
			isa = PBXGroup;
			children = (
				175C807722EDF6B3004313C1 /* TravelClassPicker */,
				175C807622EDF6A3004313C1 /* PassengerPicker */,
				1772479F2274281600888535 /* FlightSearchViewController.swift */,
				170AC6F222742C920067BD77 /* FlightSearchViewController.xib */,
			);
			path = View;
			sourceTree = "<group>";
		};
		1723C44722762457002608DF /* Presenter */ = {
			isa = PBXGroup;
			children = (
				170AC6F422742CE80067BD77 /* FlightSearchPresenter.swift */,
			);
			path = Presenter;
			sourceTree = "<group>";
		};
		1723C4482276245E002608DF /* ViewModel */ = {
			isa = PBXGroup;
			children = (
				1723C4492276248E002608DF /* FlightSearchViewModel.swift */,
				17385FBD2280B13100D04A1A /* FlightSearchModel.swift */,
			);
			path = ViewModel;
			sourceTree = "<group>";
		};
		1723C44B22762B34002608DF /* ViewModel */ = {
			isa = PBXGroup;
			children = (
			);
			path = ViewModel;
			sourceTree = "<group>";
		};
		1723C44C22762B3B002608DF /* View */ = {
			isa = PBXGroup;
			children = (
				17A9D8102274944D00E8BA3F /* LoadingViewController.swift */,
				17A9D80E2274940500E8BA3F /* LoadingViewController.xib */,
			);
			path = View;
			sourceTree = "<group>";
		};
		1723C44D22762B41002608DF /* Presenter */ = {
			isa = PBXGroup;
			children = (
				17A9D8122274964200E8BA3F /* LoadingPresenter.swift */,
			);
			path = Presenter;
			sourceTree = "<group>";
		};
		17385FBF2281C12D00D04A1A /* IATALabel */ = {
			isa = PBXGroup;
			children = (
			);
			path = IATALabel;
			sourceTree = "<group>";
		};
		175C807622EDF6A3004313C1 /* PassengerPicker */ = {
			isa = PBXGroup;
			children = (
				175C807822EDF6C7004313C1 /* PassengerPickerView.swift */,
				175C807A22EDF6E4004313C1 /* PassengerPickerView.xib */,
			);
			path = PassengerPicker;
			sourceTree = "<group>";
		};
		175C807722EDF6B3004313C1 /* TravelClassPicker */ = {
			isa = PBXGroup;
			children = (
				175C808622EE4312004313C1 /* TravelClassPickerView.swift */,
				175C808422EE41B6004313C1 /* TravelClassPickerView.xib */,
			);
			path = TravelClassPicker;
			sourceTree = "<group>";
		};
		177247912274281600888535 = {
			isa = PBXGroup;
			children = (
				1772479C2274281600888535 /* Yafix */,
				177247B42274281700888535 /* YafixTests */,
				1772479B2274281600888535 /* Products */,
				4F93B880E311F46613E0AF76 /* Pods */,
				6947329AA0F8426454D5A9C9 /* Frameworks */,
			);
			sourceTree = "<group>";
		};
		1772479B2274281600888535 /* Products */ = {
			isa = PBXGroup;
			children = (
				1772479A2274281600888535 /* Yafix.app */,
				177247B12274281700888535 /* YafixTests.xctest */,
			);
			name = Products;
			sourceTree = "<group>";
		};
		1772479C2274281600888535 /* Yafix */ = {
			isa = PBXGroup;
			children = (
				179643D022927D3800A41091 /* Source */,
				170AC6F022742A690067BD77 /* Resources */,
				179643D122927D5500A41091 /* Supporting Files */,
			);
			path = Yafix;
			sourceTree = "<group>";
		};
		177247B42274281700888535 /* YafixTests */ = {
			isa = PBXGroup;
			children = (
				177247B52274281700888535 /* YafixTests.swift */,
				177247B72274281700888535 /* Info.plist */,
			);
			path = YafixTests;
			sourceTree = "<group>";
		};
		17810525227B428900F510FF /* AirportPicker */ = {
			isa = PBXGroup;
			children = (
				171DFA92227C6CE9006DD6DA /* AirportPickerCell */,
				17810528227B42B300F510FF /* ViewModel */,
				17810527227B42A300F510FF /* View */,
				17810526227B429800F510FF /* Presenter */,
			);
			path = AirportPicker;
			sourceTree = "<group>";
		};
		17810526227B429800F510FF /* Presenter */ = {
			isa = PBXGroup;
			children = (
				1781052D227B455300F510FF /* AirportPickerPresenter.swift */,
			);
			path = Presenter;
			sourceTree = "<group>";
		};
		17810527227B42A300F510FF /* View */ = {
			isa = PBXGroup;
			children = (
				1781052B227B451400F510FF /* AirportPickerViewController.swift */,
				17810529227B42C900F510FF /* AirportPickerViewController.xib */,
			);
			path = View;
			sourceTree = "<group>";
		};
		17810528227B42B300F510FF /* ViewModel */ = {
			isa = PBXGroup;
			children = (
			);
			path = ViewModel;
			sourceTree = "<group>";
		};
		179643D022927D3800A41091 /* Source */ = {
			isa = PBXGroup;
			children = (
				170FC4272295394500C3A751 /* DatePicker */,
				17A0FD8B2282B2790041B802 /* SearchResults */,
				17810525227B428900F510FF /* AirportPicker */,
				17A9D80D227493C800E8BA3F /* Loading */,
				170AC6F122742C5A0067BD77 /* FlightSearch */,
				171DFA99227DD6D3006DD6DA /* Extenstions */,
			);
			path = Source;
			sourceTree = "<group>";
		};
		179643D122927D5500A41091 /* Supporting Files */ = {
			isa = PBXGroup;
			children = (
				1772479D2274281600888535 /* AppDelegate.swift */,
				177247A92274281700888535 /* LaunchScreen.storyboard */,
				177247A42274281600888535 /* Yafix.xcdatamodeld */,
				177247AC2274281700888535 /* Info.plist */,
				177247A72274281700888535 /* Assets.xcassets */,
				17B9F37922ED29300033401E /* Colors.swift */,
			);
			path = "Supporting Files";
			sourceTree = "<group>";
		};
		1796441E2292948F00A41091 /* Sketches */ = {
			isa = PBXGroup;
			children = (
				1796441F2292948F00A41091 /* SearchResult.png */,
				179644202292948F00A41091 /* PassengerPicker.png */,
				179644212292948F00A41091 /* Overall.gif */,
				179644222292948F00A41091 /* AirportPicker.png */,
				179644232292948F00A41091 /* DatePicker.png */,
				179644242292948F00A41091 /* FlightSearch.png */,
			);
			path = Sketches;
			sourceTree = "<group>";
		};
		17A0FD8B2282B2790041B802 /* SearchResults */ = {
			isa = PBXGroup;
			children = (
				17A0FD9F2282C3BD0041B802 /* SearchResultCell */,
				17A0FD9B2282B4A50041B802 /* ViewModel */,
				17A0FD9C2282B4AA0041B802 /* View */,
				17A0FD9A2282B3F50041B802 /* Presenter */,
			);
			path = SearchResults;
			sourceTree = "<group>";
		};
		17A0FD9A2282B3F50041B802 /* Presenter */ = {
			isa = PBXGroup;
			children = (
				17A0FD942282B32D0041B802 /* SearchResultsPresenter.swift */,
			);
			path = Presenter;
			sourceTree = "<group>";
		};
		17A0FD9B2282B4A50041B802 /* ViewModel */ = {
			isa = PBXGroup;
			children = (
				17A0FD9D2282BA260041B802 /* SearchResultsViewModel.swift */,
			);
			path = ViewModel;
			sourceTree = "<group>";
		};
		17A0FD9C2282B4AA0041B802 /* View */ = {
			isa = PBXGroup;
			children = (
				17A0FD962282B32D0041B802 /* SearchResultsViewController.swift */,
				17A0FD952282B32D0041B802 /* SearchResultsViewController.xib */,
			);
			path = View;
			sourceTree = "<group>";
		};
		17A0FD9F2282C3BD0041B802 /* SearchResultCell */ = {
			isa = PBXGroup;
			children = (
				17A0FDA02282C3D30041B802 /* SearchResultCell.swift */,
				17A0FDA22282C3E00041B802 /* SearchResultCell.xib */,
			);
			path = SearchResultCell;
			sourceTree = "<group>";
		};
		17A9D80D227493C800E8BA3F /* Loading */ = {
			isa = PBXGroup;
			children = (
				1723C44B22762B34002608DF /* ViewModel */,
				1723C44C22762B3B002608DF /* View */,
				1723C44D22762B41002608DF /* Presenter */,
			);
			path = Loading;
			sourceTree = "<group>";
		};
		4F93B880E311F46613E0AF76 /* Pods */ = {
			isa = PBXGroup;
			children = (
				98054FBE8DE2B7A282A75403 /* Pods-Yafix.debug.xcconfig */,
				9ABD66D94092005587212C4A /* Pods-Yafix.release.xcconfig */,
			);
			name = Pods;
			sourceTree = "<group>";
		};
		6947329AA0F8426454D5A9C9 /* Frameworks */ = {
			isa = PBXGroup;
			children = (
				70D7BA4F8C1C61A327DEFD40 /* Pods_Yafix.framework */,
			);
			name = Frameworks;
			sourceTree = "<group>";
		};
/* End PBXGroup section */

/* Begin PBXNativeTarget section */
		177247992274281600888535 /* Yafix */ = {
			isa = PBXNativeTarget;
			buildConfigurationList = 177247BA2274281700888535 /* Build configuration list for PBXNativeTarget "Yafix" */;
			buildPhases = (
				1D6EA6C02B40BAD3DF85FECC /* [CP] Check Pods Manifest.lock */,
				177247962274281600888535 /* Sources */,
				177247972274281600888535 /* Frameworks */,
				177247982274281600888535 /* Resources */,
				A1B97ACDA8F18B5274F3D8B7 /* [CP] Embed Pods Frameworks */,
				505EB1E041A2B1FD2D7160E1 /* [CP] Copy Pods Resources */,
			);
			buildRules = (
			);
			dependencies = (
			);
			name = Yafix;
			productName = Yafix;
			productReference = 1772479A2274281600888535 /* Yafix.app */;
			productType = "com.apple.product-type.application";
		};
		177247B02274281700888535 /* YafixTests */ = {
			isa = PBXNativeTarget;
			buildConfigurationList = 177247BD2274281700888535 /* Build configuration list for PBXNativeTarget "YafixTests" */;
			buildPhases = (
				177247AD2274281700888535 /* Sources */,
				177247AE2274281700888535 /* Frameworks */,
				177247AF2274281700888535 /* Resources */,
			);
			buildRules = (
			);
			dependencies = (
				177247B32274281700888535 /* PBXTargetDependency */,
			);
			name = YafixTests;
			productName = YafixTests;
			productReference = 177247B12274281700888535 /* YafixTests.xctest */;
			productType = "com.apple.product-type.bundle.unit-test";
		};
/* End PBXNativeTarget section */

/* Begin PBXProject section */
		177247922274281600888535 /* Project object */ = {
			isa = PBXProject;
			attributes = {
				LastSwiftUpdateCheck = 1020;
				LastUpgradeCheck = 1020;
				ORGANIZATIONNAME = "Артём Зайцев";
				TargetAttributes = {
					177247992274281600888535 = {
						CreatedOnToolsVersion = 10.2;
					};
					177247B02274281700888535 = {
						CreatedOnToolsVersion = 10.2;
						TestTargetID = 177247992274281600888535;
					};
				};
			};
			buildConfigurationList = 177247952274281600888535 /* Build configuration list for PBXProject "Yafix" */;
			compatibilityVersion = "Xcode 9.3";
			developmentRegion = en;
			hasScannedForEncodings = 0;
			knownRegions = (
				en,
				Base,
			);
			mainGroup = 177247912274281600888535;
			productRefGroup = 1772479B2274281600888535 /* Products */;
			projectDirPath = "";
			projectRoot = "";
			targets = (
				177247992274281600888535 /* Yafix */,
				177247B02274281700888535 /* YafixTests */,
			);
		};
/* End PBXProject section */

/* Begin PBXResourcesBuildPhase section */
		177247982274281600888535 /* Resources */ = {
			isa = PBXResourcesBuildPhase;
			buildActionMask = 2147483647;
			files = (
				179644282292948F00A41091 /* AirportPicker.png in Resources */,
				175C809222F085C9004313C1 /* icon-arrow-right@2x.png in Resources */,
				175C807322EDCEB4004313C1 /* icon-swap@3x.png in Resources */,
				175C808A22EE4534004313C1 /* icon-accept@3x.png in Resources */,
				175C809322F085C9004313C1 /* icon-arrow-right@3x.png in Resources */,
				179644292292948F00A41091 /* DatePicker.png in Resources */,
				175C808322EE0BCD004313C1 /* icon-remove@2x.png in Resources */,
				170FC42F2295F07500C3A751 /* back-button@3x.png in Resources */,
				175C808522EE41B6004313C1 /* TravelClassPickerView.xib in Resources */,
				175C809B22F087D8004313C1 /* icon-settings@3x.png in Resources */,
				172012EC229E720B00FA40A7 /* DatePickerViewController.xib in Resources */,
				17B9F37822ED28F30033401E /* icon-close@3x.png in Resources */,
				17B9F37722ED28F30033401E /* icon-close@2x.png in Resources */,
				175C808222EE0BCD004313C1 /* icon-add@2x.png in Resources */,
				179644262292948F00A41091 /* PassengerPicker.png in Resources */,
				179644252292948F00A41091 /* SearchResult.png in Resources */,
				179644272292948F00A41091 /* Overall.gif in Resources */,
				177247AB2274281700888535 /* LaunchScreen.storyboard in Resources */,
				171DFA94227C6D05006DD6DA /* AirportPickerCell.xib in Resources */,
				175C808F22EF3FDA004313C1 /* icon-location@2x.png in Resources */,
				175C808122EE0BCD004313C1 /* icon-remove@3x.png in Resources */,
				175C809F22F08F92004313C1 /* icon-american-airline@3x.png in Resources */,
				17A0FDA32282C3E00041B802 /* SearchResultCell.xib in Resources */,
				175C808B22EE4534004313C1 /* icon-accept@2x.png in Resources */,
				170FC4302295F07500C3A751 /* back-button@2x.png in Resources */,
				17A0FD982282B32D0041B802 /* SearchResultsViewController.xib in Resources */,
				175C808022EE0BCD004313C1 /* icon-add@3x.png in Resources */,
				175C809722F08715004313C1 /* icon-arrow-left@3x.png in Resources */,
				17A9D80F2274940500E8BA3F /* LoadingViewController.xib in Resources */,
				1781052A227B42C900F510FF /* AirportPickerViewController.xib in Resources */,
				175C809A22F087D8004313C1 /* icon-settings@2x.png in Resources */,
				170AC6F322742C920067BD77 /* FlightSearchViewController.xib in Resources */,
				177247A82274281700888535 /* Assets.xcassets in Resources */,
				175C807222EDCEB4004313C1 /* icon-swap@2x.png in Resources */,
				175C809622F08715004313C1 /* icon-arrow-left@2x.png in Resources */,
				175C809E22F08F92004313C1 /* icon-american-airline@2x.png in Resources */,
				175C807B22EDF6E4004313C1 /* PassengerPickerView.xib in Resources */,
				1796442A2292948F00A41091 /* FlightSearch.png in Resources */,
				175C808E22EF3FDA004313C1 /* icon-location@3x.png in Resources */,
			);
			runOnlyForDeploymentPostprocessing = 0;
		};
		177247AF2274281700888535 /* Resources */ = {
			isa = PBXResourcesBuildPhase;
			buildActionMask = 2147483647;
			files = (
			);
			runOnlyForDeploymentPostprocessing = 0;
		};
/* End PBXResourcesBuildPhase section */

/* Begin PBXShellScriptBuildPhase section */
		1D6EA6C02B40BAD3DF85FECC /* [CP] Check Pods Manifest.lock */ = {
			isa = PBXShellScriptBuildPhase;
			buildActionMask = 2147483647;
			files = (
			);
			inputFileListPaths = (
			);
			inputPaths = (
				"${PODS_PODFILE_DIR_PATH}/Podfile.lock",
				"${PODS_ROOT}/Manifest.lock",
			);
			name = "[CP] Check Pods Manifest.lock";
			outputFileListPaths = (
			);
			outputPaths = (
				"$(DERIVED_FILE_DIR)/Pods-Yafix-checkManifestLockResult.txt",
			);
			runOnlyForDeploymentPostprocessing = 0;
			shellPath = /bin/sh;
			shellScript = "diff \"${PODS_PODFILE_DIR_PATH}/Podfile.lock\" \"${PODS_ROOT}/Manifest.lock\" > /dev/null\nif [ $? != 0 ] ; then\n    # print error to STDERR\n    echo \"error: The sandbox is not in sync with the Podfile.lock. Run 'pod install' or update your CocoaPods installation.\" >&2\n    exit 1\nfi\n# This output is used by Xcode 'outputs' to avoid re-running this script phase.\necho \"SUCCESS\" > \"${SCRIPT_OUTPUT_FILE_0}\"\n";
			showEnvVarsInLog = 0;
		};
		505EB1E041A2B1FD2D7160E1 /* [CP] Copy Pods Resources */ = {
			isa = PBXShellScriptBuildPhase;
			buildActionMask = 2147483647;
			files = (
			);
			inputFileListPaths = (
				"${PODS_ROOT}/Target Support Files/Pods-Yafix/Pods-Yafix-resources-${CONFIGURATION}-input-files.xcfilelist",
			);
			name = "[CP] Copy Pods Resources";
			outputFileListPaths = (
				"${PODS_ROOT}/Target Support Files/Pods-Yafix/Pods-Yafix-resources-${CONFIGURATION}-output-files.xcfilelist",
			);
			runOnlyForDeploymentPostprocessing = 0;
			shellPath = /bin/sh;
			shellScript = "\"${PODS_ROOT}/Target Support Files/Pods-Yafix/Pods-Yafix-resources.sh\"\n";
			showEnvVarsInLog = 0;
		};
		A1B97ACDA8F18B5274F3D8B7 /* [CP] Embed Pods Frameworks */ = {
			isa = PBXShellScriptBuildPhase;
			buildActionMask = 2147483647;
			files = (
			);
			inputFileListPaths = (
				"${PODS_ROOT}/Target Support Files/Pods-Yafix/Pods-Yafix-frameworks-${CONFIGURATION}-input-files.xcfilelist",
			);
			name = "[CP] Embed Pods Frameworks";
			outputFileListPaths = (
				"${PODS_ROOT}/Target Support Files/Pods-Yafix/Pods-Yafix-frameworks-${CONFIGURATION}-output-files.xcfilelist",
			);
			runOnlyForDeploymentPostprocessing = 0;
			shellPath = /bin/sh;
			shellScript = "\"${PODS_ROOT}/Target Support Files/Pods-Yafix/Pods-Yafix-frameworks.sh\"\n";
			showEnvVarsInLog = 0;
		};
/* End PBXShellScriptBuildPhase section */

/* Begin PBXSourcesBuildPhase section */
		177247962274281600888535 /* Sources */ = {
			isa = PBXSourcesBuildPhase;
			buildActionMask = 2147483647;
			files = (
				175C808722EE4312004313C1 /* TravelClassPickerView.swift in Sources */,
				177247A02274281600888535 /* FlightSearchViewController.swift in Sources */,
				17B9F37A22ED29300033401E /* Colors.swift in Sources */,
				1723C44A2276248E002608DF /* FlightSearchViewModel.swift in Sources */,
				1781052C227B451400F510FF /* AirportPickerViewController.swift in Sources */,
				177247A62274281600888535 /* Yafix.xcdatamodeld in Sources */,
				175C80A122F0DA60004313C1 /* UIImageView + download.swift in Sources */,
				171DFA9D227F7D01006DD6DA /* JRSDKAirportBuilder+Sample.swift in Sources */,
				171DFA98227DD3B4006DD6DA /* AiroirtPickerCellViewModel.swift in Sources */,
				17A9D8112274944D00E8BA3F /* LoadingViewController.swift in Sources */,
				170AC6F522742CE80067BD77 /* FlightSearchPresenter.swift in Sources */,
				170B317022A03CCE00C1832B /* UIBarButtonItem.SystemItem + image.swift in Sources */,
				17A9D8132274964200E8BA3F /* LoadingPresenter.swift in Sources */,
				1781052E227B455300F510FF /* AirportPickerPresenter.swift in Sources */,
				170B316C22A0166900C1832B /* CalendarCell.swift in Sources */,
				175C807522EDE455004313C1 /* Date+String.swift in Sources */,
				17A0FDA12282C3D30041B802 /* SearchResultCell.swift in Sources */,
				17A0FD972282B32D0041B802 /* SearchResultsPresenter.swift in Sources */,
				17A0FD9E2282BA260041B802 /* SearchResultsViewModel.swift in Sources */,
				17A0FD992282B32D0041B802 /* SearchResultsViewController.swift in Sources */,
				17385FBE2280B13100D04A1A /* FlightSearchModel.swift in Sources */,
				175C807922EDF6C7004313C1 /* PassengerPickerView.swift in Sources */,
				171DFA96227DB0BA006DD6DA /* AirportPickerCell.swift in Sources */,
				1772479E2274281600888535 /* AppDelegate.swift in Sources */,
				172012F1229E78DB00FA40A7 /* DatePickerPresenter.swift in Sources */,
				17385FBA227FE79600D04A1A /* UIViewController+dismiss.swift in Sources */,
				171DFA9B227DD6FD006DD6DA /* UITableViewCell+Identifier.swift in Sources */,
				170FC4292295395200C3A751 /* DatePickerViewController.swift in Sources */,
			);
			runOnlyForDeploymentPostprocessing = 0;
		};
		177247AD2274281700888535 /* Sources */ = {
			isa = PBXSourcesBuildPhase;
			buildActionMask = 2147483647;
			files = (
				177247B62274281700888535 /* YafixTests.swift in Sources */,
			);
			runOnlyForDeploymentPostprocessing = 0;
		};
/* End PBXSourcesBuildPhase section */

/* Begin PBXTargetDependency section */
		177247B32274281700888535 /* PBXTargetDependency */ = {
			isa = PBXTargetDependency;
			target = 177247992274281600888535 /* Yafix */;
			targetProxy = 177247B22274281700888535 /* PBXContainerItemProxy */;
		};
/* End PBXTargetDependency section */

/* Begin PBXVariantGroup section */
		177247A92274281700888535 /* LaunchScreen.storyboard */ = {
			isa = PBXVariantGroup;
			children = (
				177247AA2274281700888535 /* Base */,
			);
			name = LaunchScreen.storyboard;
			sourceTree = "<group>";
		};
/* End PBXVariantGroup section */

/* Begin XCBuildConfiguration section */
		177247B82274281700888535 /* Debug */ = {
			isa = XCBuildConfiguration;
			buildSettings = {
				ALWAYS_SEARCH_USER_PATHS = NO;
				CLANG_ANALYZER_NONNULL = YES;
				CLANG_ANALYZER_NUMBER_OBJECT_CONVERSION = YES_AGGRESSIVE;
				CLANG_CXX_LANGUAGE_STANDARD = "gnu++14";
				CLANG_CXX_LIBRARY = "libc++";
				CLANG_ENABLE_MODULES = YES;
				CLANG_ENABLE_OBJC_ARC = YES;
				CLANG_ENABLE_OBJC_WEAK = YES;
				CLANG_WARN_BLOCK_CAPTURE_AUTORELEASING = YES;
				CLANG_WARN_BOOL_CONVERSION = YES;
				CLANG_WARN_COMMA = YES;
				CLANG_WARN_CONSTANT_CONVERSION = YES;
				CLANG_WARN_DEPRECATED_OBJC_IMPLEMENTATIONS = YES;
				CLANG_WARN_DIRECT_OBJC_ISA_USAGE = YES_ERROR;
				CLANG_WARN_DOCUMENTATION_COMMENTS = YES;
				CLANG_WARN_EMPTY_BODY = YES;
				CLANG_WARN_ENUM_CONVERSION = YES;
				CLANG_WARN_INFINITE_RECURSION = YES;
				CLANG_WARN_INT_CONVERSION = YES;
				CLANG_WARN_NON_LITERAL_NULL_CONVERSION = YES;
				CLANG_WARN_OBJC_IMPLICIT_RETAIN_SELF = YES;
				CLANG_WARN_OBJC_LITERAL_CONVERSION = YES;
				CLANG_WARN_OBJC_ROOT_CLASS = YES_ERROR;
				CLANG_WARN_RANGE_LOOP_ANALYSIS = YES;
				CLANG_WARN_STRICT_PROTOTYPES = YES;
				CLANG_WARN_SUSPICIOUS_MOVE = YES;
				CLANG_WARN_UNGUARDED_AVAILABILITY = YES_AGGRESSIVE;
				CLANG_WARN_UNREACHABLE_CODE = YES;
				CLANG_WARN__DUPLICATE_METHOD_MATCH = YES;
				CODE_SIGN_IDENTITY = "iPhone Developer";
				COPY_PHASE_STRIP = NO;
				DEBUG_INFORMATION_FORMAT = dwarf;
				ENABLE_STRICT_OBJC_MSGSEND = YES;
				ENABLE_TESTABILITY = YES;
				GCC_C_LANGUAGE_STANDARD = gnu11;
				GCC_DYNAMIC_NO_PIC = NO;
				GCC_NO_COMMON_BLOCKS = YES;
				GCC_OPTIMIZATION_LEVEL = 0;
				GCC_PREPROCESSOR_DEFINITIONS = (
					"DEBUG=1",
					"$(inherited)",
				);
				GCC_WARN_64_TO_32_BIT_CONVERSION = YES;
				GCC_WARN_ABOUT_RETURN_TYPE = YES_ERROR;
				GCC_WARN_UNDECLARED_SELECTOR = YES;
				GCC_WARN_UNINITIALIZED_AUTOS = YES_AGGRESSIVE;
				GCC_WARN_UNUSED_FUNCTION = YES;
				GCC_WARN_UNUSED_VARIABLE = YES;
				IPHONEOS_DEPLOYMENT_TARGET = 12.2;
				MTL_ENABLE_DEBUG_INFO = INCLUDE_SOURCE;
				MTL_FAST_MATH = YES;
				ONLY_ACTIVE_ARCH = YES;
				SDKROOT = iphoneos;
				SWIFT_ACTIVE_COMPILATION_CONDITIONS = DEBUG;
				SWIFT_OPTIMIZATION_LEVEL = "-Onone";
			};
			name = Debug;
		};
		177247B92274281700888535 /* Release */ = {
			isa = XCBuildConfiguration;
			buildSettings = {
				ALWAYS_SEARCH_USER_PATHS = NO;
				CLANG_ANALYZER_NONNULL = YES;
				CLANG_ANALYZER_NUMBER_OBJECT_CONVERSION = YES_AGGRESSIVE;
				CLANG_CXX_LANGUAGE_STANDARD = "gnu++14";
				CLANG_CXX_LIBRARY = "libc++";
				CLANG_ENABLE_MODULES = YES;
				CLANG_ENABLE_OBJC_ARC = YES;
				CLANG_ENABLE_OBJC_WEAK = YES;
				CLANG_WARN_BLOCK_CAPTURE_AUTORELEASING = YES;
				CLANG_WARN_BOOL_CONVERSION = YES;
				CLANG_WARN_COMMA = YES;
				CLANG_WARN_CONSTANT_CONVERSION = YES;
				CLANG_WARN_DEPRECATED_OBJC_IMPLEMENTATIONS = YES;
				CLANG_WARN_DIRECT_OBJC_ISA_USAGE = YES_ERROR;
				CLANG_WARN_DOCUMENTATION_COMMENTS = YES;
				CLANG_WARN_EMPTY_BODY = YES;
				CLANG_WARN_ENUM_CONVERSION = YES;
				CLANG_WARN_INFINITE_RECURSION = YES;
				CLANG_WARN_INT_CONVERSION = YES;
				CLANG_WARN_NON_LITERAL_NULL_CONVERSION = YES;
				CLANG_WARN_OBJC_IMPLICIT_RETAIN_SELF = YES;
				CLANG_WARN_OBJC_LITERAL_CONVERSION = YES;
				CLANG_WARN_OBJC_ROOT_CLASS = YES_ERROR;
				CLANG_WARN_RANGE_LOOP_ANALYSIS = YES;
				CLANG_WARN_STRICT_PROTOTYPES = YES;
				CLANG_WARN_SUSPICIOUS_MOVE = YES;
				CLANG_WARN_UNGUARDED_AVAILABILITY = YES_AGGRESSIVE;
				CLANG_WARN_UNREACHABLE_CODE = YES;
				CLANG_WARN__DUPLICATE_METHOD_MATCH = YES;
				CODE_SIGN_IDENTITY = "iPhone Developer";
				COPY_PHASE_STRIP = NO;
				DEBUG_INFORMATION_FORMAT = "dwarf-with-dsym";
				ENABLE_NS_ASSERTIONS = NO;
				ENABLE_STRICT_OBJC_MSGSEND = YES;
				GCC_C_LANGUAGE_STANDARD = gnu11;
				GCC_NO_COMMON_BLOCKS = YES;
				GCC_WARN_64_TO_32_BIT_CONVERSION = YES;
				GCC_WARN_ABOUT_RETURN_TYPE = YES_ERROR;
				GCC_WARN_UNDECLARED_SELECTOR = YES;
				GCC_WARN_UNINITIALIZED_AUTOS = YES_AGGRESSIVE;
				GCC_WARN_UNUSED_FUNCTION = YES;
				GCC_WARN_UNUSED_VARIABLE = YES;
				IPHONEOS_DEPLOYMENT_TARGET = 12.2;
				MTL_ENABLE_DEBUG_INFO = NO;
				MTL_FAST_MATH = YES;
				SDKROOT = iphoneos;
				SWIFT_COMPILATION_MODE = wholemodule;
				SWIFT_OPTIMIZATION_LEVEL = "-O";
				VALIDATE_PRODUCT = YES;
			};
			name = Release;
		};
		177247BB2274281700888535 /* Debug */ = {
			isa = XCBuildConfiguration;
			baseConfigurationReference = 98054FBE8DE2B7A282A75403 /* Pods-Yafix.debug.xcconfig */;
			buildSettings = {
				ASSETCATALOG_COMPILER_APPICON_NAME = AppIcon;
				CODE_SIGN_STYLE = Automatic;
				DEVELOPMENT_TEAM = 67U7CVYQJQ;
				INFOPLIST_FILE = "Yafix/Supporting Files/Info.plist";
				LD_RUNPATH_SEARCH_PATHS = (
					"$(inherited)",
					"@executable_path/Frameworks",
				);
				PRODUCT_BUNDLE_IDENTIFIER = com.zykis.Yafix;
				PRODUCT_NAME = "$(TARGET_NAME)";
				SWIFT_OBJC_BRIDGING_HEADER = "";
				SWIFT_VERSION = 5.0;
				TARGETED_DEVICE_FAMILY = 1;
			};
			name = Debug;
		};
		177247BC2274281700888535 /* Release */ = {
			isa = XCBuildConfiguration;
			baseConfigurationReference = 9ABD66D94092005587212C4A /* Pods-Yafix.release.xcconfig */;
			buildSettings = {
				ASSETCATALOG_COMPILER_APPICON_NAME = AppIcon;
				CODE_SIGN_STYLE = Automatic;
				DEVELOPMENT_TEAM = 67U7CVYQJQ;
				INFOPLIST_FILE = "Yafix/Supporting Files/Info.plist";
				LD_RUNPATH_SEARCH_PATHS = (
					"$(inherited)",
					"@executable_path/Frameworks",
				);
				PRODUCT_BUNDLE_IDENTIFIER = com.zykis.Yafix;
				PRODUCT_NAME = "$(TARGET_NAME)";
				SWIFT_OBJC_BRIDGING_HEADER = "";
				SWIFT_VERSION = 5.0;
				TARGETED_DEVICE_FAMILY = 1;
			};
			name = Release;
		};
		177247BE2274281700888535 /* Debug */ = {
			isa = XCBuildConfiguration;
			buildSettings = {
				ALWAYS_EMBED_SWIFT_STANDARD_LIBRARIES = YES;
				BUNDLE_LOADER = "$(TEST_HOST)";
				CODE_SIGN_STYLE = Automatic;
				DEVELOPMENT_TEAM = 67U7CVYQJQ;
				INFOPLIST_FILE = YafixTests/Info.plist;
				LD_RUNPATH_SEARCH_PATHS = (
					"$(inherited)",
					"@executable_path/Frameworks",
					"@loader_path/Frameworks",
				);
				PRODUCT_BUNDLE_IDENTIFIER = com.zykis.YafixTests;
				PRODUCT_NAME = "$(TARGET_NAME)";
				SWIFT_VERSION = 5.0;
				TARGETED_DEVICE_FAMILY = "1,2";
				TEST_HOST = "$(BUILT_PRODUCTS_DIR)/Yafix.app/Yafix";
			};
			name = Debug;
		};
		177247BF2274281700888535 /* Release */ = {
			isa = XCBuildConfiguration;
			buildSettings = {
				ALWAYS_EMBED_SWIFT_STANDARD_LIBRARIES = YES;
				BUNDLE_LOADER = "$(TEST_HOST)";
				CODE_SIGN_STYLE = Automatic;
				DEVELOPMENT_TEAM = 67U7CVYQJQ;
				INFOPLIST_FILE = YafixTests/Info.plist;
				LD_RUNPATH_SEARCH_PATHS = (
					"$(inherited)",
					"@executable_path/Frameworks",
					"@loader_path/Frameworks",
				);
				PRODUCT_BUNDLE_IDENTIFIER = com.zykis.YafixTests;
				PRODUCT_NAME = "$(TARGET_NAME)";
				SWIFT_VERSION = 5.0;
				TARGETED_DEVICE_FAMILY = "1,2";
				TEST_HOST = "$(BUILT_PRODUCTS_DIR)/Yafix.app/Yafix";
			};
			name = Release;
		};
/* End XCBuildConfiguration section */

/* Begin XCConfigurationList section */
		177247952274281600888535 /* Build configuration list for PBXProject "Yafix" */ = {
			isa = XCConfigurationList;
			buildConfigurations = (
				177247B82274281700888535 /* Debug */,
				177247B92274281700888535 /* Release */,
			);
			defaultConfigurationIsVisible = 0;
			defaultConfigurationName = Release;
		};
		177247BA2274281700888535 /* Build configuration list for PBXNativeTarget "Yafix" */ = {
			isa = XCConfigurationList;
			buildConfigurations = (
				177247BB2274281700888535 /* Debug */,
				177247BC2274281700888535 /* Release */,
			);
			defaultConfigurationIsVisible = 0;
			defaultConfigurationName = Release;
		};
		177247BD2274281700888535 /* Build configuration list for PBXNativeTarget "YafixTests" */ = {
			isa = XCConfigurationList;
			buildConfigurations = (
				177247BE2274281700888535 /* Debug */,
				177247BF2274281700888535 /* Release */,
			);
			defaultConfigurationIsVisible = 0;
			defaultConfigurationName = Release;
		};
/* End XCConfigurationList section */

/* Begin XCVersionGroup section */
		177247A42274281600888535 /* Yafix.xcdatamodeld */ = {
			isa = XCVersionGroup;
			children = (
				177247A52274281600888535 /* Yafix.xcdatamodel */,
			);
			currentVersion = 177247A52274281600888535 /* Yafix.xcdatamodel */;
			path = Yafix.xcdatamodeld;
			sourceTree = "<group>";
			versionGroupType = wrapper.xcdatamodel;
		};
/* End XCVersionGroup section */
	};
	rootObject = 177247922274281600888535 /* Project object */;
}
